// !$*UTF8*$!
{
	archiveVersion = 1;
	classes = {
	};
	objectVersion = 50;
	objects = {

/* Begin PBXBuildFile section */
		1069707F1311CD97CFFEA45F /* Pods_OBEB_OKEK__Swift_Tests.framework in Frameworks */ = {isa = PBXBuildFile; fileRef = BA4DB80215B885C57E29035F /* Pods_OBEB_OKEK__Swift_Tests.framework */; };
		4390E04520DD7F6A00F059F9 /* AppDelegate.swift in Sources */ = {isa = PBXBuildFile; fileRef = 4390E04420DD7F6A00F059F9 /* AppDelegate.swift */; };
		4390E04A20DD7F6A00F059F9 /* Main.storyboard in Resources */ = {isa = PBXBuildFile; fileRef = 4390E04820DD7F6A00F059F9 /* Main.storyboard */; };
		4390E04C20DD7F6A00F059F9 /* Assets.xcassets in Resources */ = {isa = PBXBuildFile; fileRef = 4390E04B20DD7F6A00F059F9 /* Assets.xcassets */; };
		4390E04F20DD7F6A00F059F9 /* LaunchScreen.storyboard in Resources */ = {isa = PBXBuildFile; fileRef = 4390E04D20DD7F6A00F059F9 /* LaunchScreen.storyboard */; };
		4390E05A20DD7F6B00F059F9 /* OBEB_OKEK__Swift_Tests.swift in Sources */ = {isa = PBXBuildFile; fileRef = 4390E05920DD7F6B00F059F9 /* OBEB_OKEK__Swift_Tests.swift */; };
		4390E06520DD7F6B00F059F9 /* OBEB_OKEK__Swift_UITests.swift in Sources */ = {isa = PBXBuildFile; fileRef = 4390E06420DD7F6B00F059F9 /* OBEB_OKEK__Swift_UITests.swift */; };
		4390E07320DD80D600F059F9 /* OBEBvOKEKViewController.swift in Sources */ = {isa = PBXBuildFile; fileRef = 4390E07220DD80D600F059F9 /* OBEBvOKEKViewController.swift */; };
		4390E07520DD813600F059F9 /* OBEBvOKEKModel.swift in Sources */ = {isa = PBXBuildFile; fileRef = 4390E07420DD813600F059F9 /* OBEBvOKEKModel.swift */; };
		578F606B84209B1A25EBD150 /* Pods_OBEB_OKEK__Swift_UITests.framework in Frameworks */ = {isa = PBXBuildFile; fileRef = 21374809AE4A64EA5CD4A8B6 /* Pods_OBEB_OKEK__Swift_UITests.framework */; };
		9B5E4BC196250EBC14A62311 /* Pods_OBEB_OKEK__Swift_.framework in Frameworks */ = {isa = PBXBuildFile; fileRef = 4EFA9D7E457360B225C6FDF3 /* Pods_OBEB_OKEK__Swift_.framework */; };
/* End PBXBuildFile section */

/* Begin PBXContainerItemProxy section */
		4390E05620DD7F6B00F059F9 /* PBXContainerItemProxy */ = {
			isa = PBXContainerItemProxy;
			containerPortal = 4390E03920DD7F6A00F059F9 /* Project object */;
			proxyType = 1;
			remoteGlobalIDString = 4390E04020DD7F6A00F059F9;
			remoteInfo = "OBEB-OKEK (Swift)";
		};
		4390E06120DD7F6B00F059F9 /* PBXContainerItemProxy */ = {
			isa = PBXContainerItemProxy;
			containerPortal = 4390E03920DD7F6A00F059F9 /* Project object */;
			proxyType = 1;
			remoteGlobalIDString = 4390E04020DD7F6A00F059F9;
			remoteInfo = "OBEB-OKEK (Swift)";
		};
/* End PBXContainerItemProxy section */

/* Begin PBXFileReference section */
		179CDD378D74FD0B0F5DE5A2 /* Pods-OBEB-OKEK (Swift)Tests.debug.xcconfig */ = {isa = PBXFileReference; includeInIndex = 1; lastKnownFileType = text.xcconfig; name = "Pods-OBEB-OKEK (Swift)Tests.debug.xcconfig"; path = "Pods/Target Support Files/Pods-OBEB-OKEK (Swift)Tests/Pods-OBEB-OKEK (Swift)Tests.debug.xcconfig"; sourceTree = "<group>"; };
		21374809AE4A64EA5CD4A8B6 /* Pods_OBEB_OKEK__Swift_UITests.framework */ = {isa = PBXFileReference; explicitFileType = wrapper.framework; includeInIndex = 0; path = Pods_OBEB_OKEK__Swift_UITests.framework; sourceTree = BUILT_PRODUCTS_DIR; };
		4390E04120DD7F6A00F059F9 /* OBEB-OKEK (Swift).app */ = {isa = PBXFileReference; explicitFileType = wrapper.application; includeInIndex = 0; path = "OBEB-OKEK (Swift).app"; sourceTree = BUILT_PRODUCTS_DIR; };
		4390E04420DD7F6A00F059F9 /* AppDelegate.swift */ = {isa = PBXFileReference; lastKnownFileType = sourcecode.swift; path = AppDelegate.swift; sourceTree = "<group>"; };
		4390E04920DD7F6A00F059F9 /* Base */ = {isa = PBXFileReference; lastKnownFileType = file.storyboard; name = Base; path = Base.lproj/Main.storyboard; sourceTree = "<group>"; };
		4390E04B20DD7F6A00F059F9 /* Assets.xcassets */ = {isa = PBXFileReference; lastKnownFileType = folder.assetcatalog; path = Assets.xcassets; sourceTree = "<group>"; };
		4390E04E20DD7F6A00F059F9 /* Base */ = {isa = PBXFileReference; lastKnownFileType = file.storyboard; name = Base; path = Base.lproj/LaunchScreen.storyboard; sourceTree = "<group>"; };
		4390E05020DD7F6A00F059F9 /* Info.plist */ = {isa = PBXFileReference; lastKnownFileType = text.plist.xml; path = Info.plist; sourceTree = "<group>"; };
		4390E05520DD7F6B00F059F9 /* OBEB-OKEK (Swift)Tests.xctest */ = {isa = PBXFileReference; explicitFileType = wrapper.cfbundle; includeInIndex = 0; path = "OBEB-OKEK (Swift)Tests.xctest"; sourceTree = BUILT_PRODUCTS_DIR; };
		4390E05920DD7F6B00F059F9 /* OBEB_OKEK__Swift_Tests.swift */ = {isa = PBXFileReference; lastKnownFileType = sourcecode.swift; path = OBEB_OKEK__Swift_Tests.swift; sourceTree = "<group>"; };
		4390E05B20DD7F6B00F059F9 /* Info.plist */ = {isa = PBXFileReference; lastKnownFileType = text.plist.xml; path = Info.plist; sourceTree = "<group>"; };
		4390E06020DD7F6B00F059F9 /* OBEB-OKEK (Swift)UITests.xctest */ = {isa = PBXFileReference; explicitFileType = wrapper.cfbundle; includeInIndex = 0; path = "OBEB-OKEK (Swift)UITests.xctest"; sourceTree = BUILT_PRODUCTS_DIR; };
		4390E06420DD7F6B00F059F9 /* OBEB_OKEK__Swift_UITests.swift */ = {isa = PBXFileReference; lastKnownFileType = sourcecode.swift; path = OBEB_OKEK__Swift_UITests.swift; sourceTree = "<group>"; };
		4390E06620DD7F6B00F059F9 /* Info.plist */ = {isa = PBXFileReference; lastKnownFileType = text.plist.xml; path = Info.plist; sourceTree = "<group>"; };
		4390E07220DD80D600F059F9 /* OBEBvOKEKViewController.swift */ = {isa = PBXFileReference; lastKnownFileType = sourcecode.swift; path = OBEBvOKEKViewController.swift; sourceTree = "<group>"; };
		4390E07420DD813600F059F9 /* OBEBvOKEKModel.swift */ = {isa = PBXFileReference; lastKnownFileType = sourcecode.swift; path = OBEBvOKEKModel.swift; sourceTree = "<group>"; };
		4EFA9D7E457360B225C6FDF3 /* Pods_OBEB_OKEK__Swift_.framework */ = {isa = PBXFileReference; explicitFileType = wrapper.framework; includeInIndex = 0; path = Pods_OBEB_OKEK__Swift_.framework; sourceTree = BUILT_PRODUCTS_DIR; };
		6425EF057462A3BA8346E35C /* Pods-OBEB-OKEK (Swift).release.xcconfig */ = {isa = PBXFileReference; includeInIndex = 1; lastKnownFileType = text.xcconfig; name = "Pods-OBEB-OKEK (Swift).release.xcconfig"; path = "Pods/Target Support Files/Pods-OBEB-OKEK (Swift)/Pods-OBEB-OKEK (Swift).release.xcconfig"; sourceTree = "<group>"; };
		789D18024090A19DD1A85D07 /* Pods-OBEB-OKEK (Swift)UITests.debug.xcconfig */ = {isa = PBXFileReference; includeInIndex = 1; lastKnownFileType = text.xcconfig; name = "Pods-OBEB-OKEK (Swift)UITests.debug.xcconfig"; path = "Pods/Target Support Files/Pods-OBEB-OKEK (Swift)UITests/Pods-OBEB-OKEK (Swift)UITests.debug.xcconfig"; sourceTree = "<group>"; };
		A81144756E5C329523BA8B2C /* Pods-OBEB-OKEK (Swift).debug.xcconfig */ = {isa = PBXFileReference; includeInIndex = 1; lastKnownFileType = text.xcconfig; name = "Pods-OBEB-OKEK (Swift).debug.xcconfig"; path = "Pods/Target Support Files/Pods-OBEB-OKEK (Swift)/Pods-OBEB-OKEK (Swift).debug.xcconfig"; sourceTree = "<group>"; };
		BA4DB80215B885C57E29035F /* Pods_OBEB_OKEK__Swift_Tests.framework */ = {isa = PBXFileReference; explicitFileType = wrapper.framework; includeInIndex = 0; path = Pods_OBEB_OKEK__Swift_Tests.framework; sourceTree = BUILT_PRODUCTS_DIR; };
		DBC89DF1F7BB8E86BAD05328 /* Pods-OBEB-OKEK (Swift)Tests.release.xcconfig */ = {isa = PBXFileReference; includeInIndex = 1; lastKnownFileType = text.xcconfig; name = "Pods-OBEB-OKEK (Swift)Tests.release.xcconfig"; path = "Pods/Target Support Files/Pods-OBEB-OKEK (Swift)Tests/Pods-OBEB-OKEK (Swift)Tests.release.xcconfig"; sourceTree = "<group>"; };
		DFE6141A4B9B9F737B435BB5 /* Pods-OBEB-OKEK (Swift)UITests.release.xcconfig */ = {isa = PBXFileReference; includeInIndex = 1; lastKnownFileType = text.xcconfig; name = "Pods-OBEB-OKEK (Swift)UITests.release.xcconfig"; path = "Pods/Target Support Files/Pods-OBEB-OKEK (Swift)UITests/Pods-OBEB-OKEK (Swift)UITests.release.xcconfig"; sourceTree = "<group>"; };
/* End PBXFileReference section */

/* Begin PBXFrameworksBuildPhase section */
		4390E03E20DD7F6A00F059F9 /* Frameworks */ = {
			isa = PBXFrameworksBuildPhase;
			buildActionMask = 2147483647;
			files = (
				9B5E4BC196250EBC14A62311 /* Pods_OBEB_OKEK__Swift_.framework in Frameworks */,
			);
			runOnlyForDeploymentPostprocessing = 0;
		};
		4390E05220DD7F6B00F059F9 /* Frameworks */ = {
			isa = PBXFrameworksBuildPhase;
			buildActionMask = 2147483647;
			files = (
				1069707F1311CD97CFFEA45F /* Pods_OBEB_OKEK__Swift_Tests.framework in Frameworks */,
			);
			runOnlyForDeploymentPostprocessing = 0;
		};
		4390E05D20DD7F6B00F059F9 /* Frameworks */ = {
			isa = PBXFrameworksBuildPhase;
			buildActionMask = 2147483647;
			files = (
				578F606B84209B1A25EBD150 /* Pods_OBEB_OKEK__Swift_UITests.framework in Frameworks */,
			);
			runOnlyForDeploymentPostprocessing = 0;
		};
/* End PBXFrameworksBuildPhase section */

/* Begin PBXGroup section */
		4390E03820DD7F6A00F059F9 = {
			isa = PBXGroup;
			children = (
				4390E04320DD7F6A00F059F9 /* OBEB-OKEK (Swift) */,
				4390E05820DD7F6B00F059F9 /* OBEB-OKEK (Swift)Tests */,
				4390E06320DD7F6B00F059F9 /* OBEB-OKEK (Swift)UITests */,
				4390E04220DD7F6A00F059F9 /* Products */,
				823EDB44F724C7A7052CFDDF /* Pods */,
				6F2D21F622F6BFF805029152 /* Frameworks */,
			);
			sourceTree = "<group>";
		};
		4390E04220DD7F6A00F059F9 /* Products */ = {
			isa = PBXGroup;
			children = (
				4390E04120DD7F6A00F059F9 /* OBEB-OKEK (Swift).app */,
				4390E05520DD7F6B00F059F9 /* OBEB-OKEK (Swift)Tests.xctest */,
				4390E06020DD7F6B00F059F9 /* OBEB-OKEK (Swift)UITests.xctest */,
			);
			name = Products;
			sourceTree = "<group>";
		};
		4390E04320DD7F6A00F059F9 /* OBEB-OKEK (Swift) */ = {
			isa = PBXGroup;
			children = (
				4390E05020DD7F6A00F059F9 /* Info.plist */,
				4390E04420DD7F6A00F059F9 /* AppDelegate.swift */,
				4390E07420DD813600F059F9 /* OBEBvOKEKModel.swift */,
				4390E07220DD80D600F059F9 /* OBEBvOKEKViewController.swift */,
				4390E04820DD7F6A00F059F9 /* Main.storyboard */,
				4390E04D20DD7F6A00F059F9 /* LaunchScreen.storyboard */,
				4390E04B20DD7F6A00F059F9 /* Assets.xcassets */,
			);
			path = "OBEB-OKEK (Swift)";
			sourceTree = "<group>";
		};
		4390E05820DD7F6B00F059F9 /* OBEB-OKEK (Swift)Tests */ = {
			isa = PBXGroup;
			children = (
				4390E05920DD7F6B00F059F9 /* OBEB_OKEK__Swift_Tests.swift */,
				4390E05B20DD7F6B00F059F9 /* Info.plist */,
			);
			path = "OBEB-OKEK (Swift)Tests";
			sourceTree = "<group>";
		};
		4390E06320DD7F6B00F059F9 /* OBEB-OKEK (Swift)UITests */ = {
			isa = PBXGroup;
			children = (
				4390E06420DD7F6B00F059F9 /* OBEB_OKEK__Swift_UITests.swift */,
				4390E06620DD7F6B00F059F9 /* Info.plist */,
			);
			path = "OBEB-OKEK (Swift)UITests";
			sourceTree = "<group>";
		};
		6F2D21F622F6BFF805029152 /* Frameworks */ = {
			isa = PBXGroup;
			children = (
				4EFA9D7E457360B225C6FDF3 /* Pods_OBEB_OKEK__Swift_.framework */,
				BA4DB80215B885C57E29035F /* Pods_OBEB_OKEK__Swift_Tests.framework */,
				21374809AE4A64EA5CD4A8B6 /* Pods_OBEB_OKEK__Swift_UITests.framework */,
			);
			name = Frameworks;
			sourceTree = "<group>";
		};
		823EDB44F724C7A7052CFDDF /* Pods */ = {
			isa = PBXGroup;
			children = (
				A81144756E5C329523BA8B2C /* Pods-OBEB-OKEK (Swift).debug.xcconfig */,
				6425EF057462A3BA8346E35C /* Pods-OBEB-OKEK (Swift).release.xcconfig */,
				179CDD378D74FD0B0F5DE5A2 /* Pods-OBEB-OKEK (Swift)Tests.debug.xcconfig */,
				DBC89DF1F7BB8E86BAD05328 /* Pods-OBEB-OKEK (Swift)Tests.release.xcconfig */,
				789D18024090A19DD1A85D07 /* Pods-OBEB-OKEK (Swift)UITests.debug.xcconfig */,
				DFE6141A4B9B9F737B435BB5 /* Pods-OBEB-OKEK (Swift)UITests.release.xcconfig */,
			);
			name = Pods;
			sourceTree = "<group>";
		};
/* End PBXGroup section */

/* Begin PBXNativeTarget section */
		4390E04020DD7F6A00F059F9 /* OBEB-OKEK (Swift) */ = {
			isa = PBXNativeTarget;
			buildConfigurationList = 4390E06920DD7F6B00F059F9 /* Build configuration list for PBXNativeTarget "OBEB-OKEK (Swift)" */;
			buildPhases = (
				A62CA5FE5D2D3A805AD76F70 /* [CP] Check Pods Manifest.lock */,
				4390E03D20DD7F6A00F059F9 /* Sources */,
				4390E03E20DD7F6A00F059F9 /* Frameworks */,
				4390E03F20DD7F6A00F059F9 /* Resources */,
			);
			buildRules = (
			);
			dependencies = (
			);
			name = "OBEB-OKEK (Swift)";
			productName = "OBEB-OKEK (Swift)";
			productReference = 4390E04120DD7F6A00F059F9 /* OBEB-OKEK (Swift).app */;
			productType = "com.apple.product-type.application";
		};
		4390E05420DD7F6B00F059F9 /* OBEB-OKEK (Swift)Tests */ = {
			isa = PBXNativeTarget;
			buildConfigurationList = 4390E06C20DD7F6B00F059F9 /* Build configuration list for PBXNativeTarget "OBEB-OKEK (Swift)Tests" */;
			buildPhases = (
				2E3986113016E3715720CD8B /* [CP] Check Pods Manifest.lock */,
				4390E05120DD7F6B00F059F9 /* Sources */,
				4390E05220DD7F6B00F059F9 /* Frameworks */,
				4390E05320DD7F6B00F059F9 /* Resources */,
			);
			buildRules = (
			);
			dependencies = (
				4390E05720DD7F6B00F059F9 /* PBXTargetDependency */,
			);
			name = "OBEB-OKEK (Swift)Tests";
			productName = "OBEB-OKEK (Swift)Tests";
			productReference = 4390E05520DD7F6B00F059F9 /* OBEB-OKEK (Swift)Tests.xctest */;
			productType = "com.apple.product-type.bundle.unit-test";
		};
		4390E05F20DD7F6B00F059F9 /* OBEB-OKEK (Swift)UITests */ = {
			isa = PBXNativeTarget;
			buildConfigurationList = 4390E06F20DD7F6B00F059F9 /* Build configuration list for PBXNativeTarget "OBEB-OKEK (Swift)UITests" */;
			buildPhases = (
				12941C32CA3111C7AB806E10 /* [CP] Check Pods Manifest.lock */,
				4390E05C20DD7F6B00F059F9 /* Sources */,
				4390E05D20DD7F6B00F059F9 /* Frameworks */,
				4390E05E20DD7F6B00F059F9 /* Resources */,
			);
			buildRules = (
			);
			dependencies = (
				4390E06220DD7F6B00F059F9 /* PBXTargetDependency */,
			);
			name = "OBEB-OKEK (Swift)UITests";
			productName = "OBEB-OKEK (Swift)UITests";
			productReference = 4390E06020DD7F6B00F059F9 /* OBEB-OKEK (Swift)UITests.xctest */;
			productType = "com.apple.product-type.bundle.ui-testing";
		};
/* End PBXNativeTarget section */

/* Begin PBXProject section */
		4390E03920DD7F6A00F059F9 /* Project object */ = {
			isa = PBXProject;
			attributes = {
				LastSwiftUpdateCheck = 0940;
				LastUpgradeCheck = 0940;
				ORGANIZATIONNAME = "Oğuzhan Varsak";
				TargetAttributes = {
					4390E04020DD7F6A00F059F9 = {
						CreatedOnToolsVersion = 9.4.1;
					};
					4390E05420DD7F6B00F059F9 = {
						CreatedOnToolsVersion = 9.4.1;
						TestTargetID = 4390E04020DD7F6A00F059F9;
					};
					4390E05F20DD7F6B00F059F9 = {
						CreatedOnToolsVersion = 9.4.1;
						TestTargetID = 4390E04020DD7F6A00F059F9;
					};
				};
			};
			buildConfigurationList = 4390E03C20DD7F6A00F059F9 /* Build configuration list for PBXProject "OBEB-OKEK (Swift)" */;
			compatibilityVersion = "Xcode 9.3";
			developmentRegion = en;
			hasScannedForEncodings = 0;
			knownRegions = (
				en,
				Base,
			);
			mainGroup = 4390E03820DD7F6A00F059F9;
			productRefGroup = 4390E04220DD7F6A00F059F9 /* Products */;
			projectDirPath = "";
			projectRoot = "";
			targets = (
				4390E04020DD7F6A00F059F9 /* OBEB-OKEK (Swift) */,
				4390E05420DD7F6B00F059F9 /* OBEB-OKEK (Swift)Tests */,
				4390E05F20DD7F6B00F059F9 /* OBEB-OKEK (Swift)UITests */,
			);
		};
/* End PBXProject section */

/* Begin PBXResourcesBuildPhase section */
		4390E03F20DD7F6A00F059F9 /* Resources */ = {
			isa = PBXResourcesBuildPhase;
			buildActionMask = 2147483647;
			files = (
				4390E04F20DD7F6A00F059F9 /* LaunchScreen.storyboard in Resources */,
				4390E04C20DD7F6A00F059F9 /* Assets.xcassets in Resources */,
				4390E04A20DD7F6A00F059F9 /* Main.storyboard in Resources */,
			);
			runOnlyForDeploymentPostprocessing = 0;
		};
		4390E05320DD7F6B00F059F9 /* Resources */ = {
			isa = PBXResourcesBuildPhase;
			buildActionMask = 2147483647;
			files = (
			);
			runOnlyForDeploymentPostprocessing = 0;
		};
		4390E05E20DD7F6B00F059F9 /* Resources */ = {
			isa = PBXResourcesBuildPhase;
			buildActionMask = 2147483647;
			files = (
			);
			runOnlyForDeploymentPostprocessing = 0;
		};
/* End PBXResourcesBuildPhase section */

/* Begin PBXShellScriptBuildPhase section */
		12941C32CA3111C7AB806E10 /* [CP] Check Pods Manifest.lock */ = {
			isa = PBXShellScriptBuildPhase;
			buildActionMask = 2147483647;
			files = (
			);
			inputPaths = (
				"${PODS_PODFILE_DIR_PATH}/Podfile.lock",
				"${PODS_ROOT}/Manifest.lock",
			);
			name = "[CP] Check Pods Manifest.lock";
			outputPaths = (
				"$(DERIVED_FILE_DIR)/Pods-OBEB-OKEK (Swift)UITests-checkManifestLockResult.txt",
			);
			runOnlyForDeploymentPostprocessing = 0;
			shellPath = /bin/sh;
			shellScript = "diff \"${PODS_PODFILE_DIR_PATH}/Podfile.lock\" \"${PODS_ROOT}/Manifest.lock\" > /dev/null\nif [ $? != 0 ] ; then\n    # print error to STDERR\n    echo \"error: The sandbox is not in sync with the Podfile.lock. Run 'pod install' or update your CocoaPods installation.\" >&2\n    exit 1\nfi\n# This output is used by Xcode 'outputs' to avoid re-running this script phase.\necho \"SUCCESS\" > \"${SCRIPT_OUTPUT_FILE_0}\"\n";
			showEnvVarsInLog = 0;
		};
		2E3986113016E3715720CD8B /* [CP] Check Pods Manifest.lock */ = {
			isa = PBXShellScriptBuildPhase;
			buildActionMask = 2147483647;
			files = (
			);
			inputPaths = (
				"${PODS_PODFILE_DIR_PATH}/Podfile.lock",
				"${PODS_ROOT}/Manifest.lock",
			);
			name = "[CP] Check Pods Manifest.lock";
			outputPaths = (
				"$(DERIVED_FILE_DIR)/Pods-OBEB-OKEK (Swift)Tests-checkManifestLockResult.txt",
			);
			runOnlyForDeploymentPostprocessing = 0;
			shellPath = /bin/sh;
			shellScript = "diff \"${PODS_PODFILE_DIR_PATH}/Podfile.lock\" \"${PODS_ROOT}/Manifest.lock\" > /dev/null\nif [ $? != 0 ] ; then\n    # print error to STDERR\n    echo \"error: The sandbox is not in sync with the Podfile.lock. Run 'pod install' or update your CocoaPods installation.\" >&2\n    exit 1\nfi\n# This output is used by Xcode 'outputs' to avoid re-running this script phase.\necho \"SUCCESS\" > \"${SCRIPT_OUTPUT_FILE_0}\"\n";
			showEnvVarsInLog = 0;
		};
		A62CA5FE5D2D3A805AD76F70 /* [CP] Check Pods Manifest.lock */ = {
			isa = PBXShellScriptBuildPhase;
			buildActionMask = 2147483647;
			files = (
			);
			inputPaths = (
				"${PODS_PODFILE_DIR_PATH}/Podfile.lock",
				"${PODS_ROOT}/Manifest.lock",
			);
			name = "[CP] Check Pods Manifest.lock";
			outputPaths = (
				"$(DERIVED_FILE_DIR)/Pods-OBEB-OKEK (Swift)-checkManifestLockResult.txt",
			);
			runOnlyForDeploymentPostprocessing = 0;
			shellPath = /bin/sh;
			shellScript = "diff \"${PODS_PODFILE_DIR_PATH}/Podfile.lock\" \"${PODS_ROOT}/Manifest.lock\" > /dev/null\nif [ $? != 0 ] ; then\n    # print error to STDERR\n    echo \"error: The sandbox is not in sync with the Podfile.lock. Run 'pod install' or update your CocoaPods installation.\" >&2\n    exit 1\nfi\n# This output is used by Xcode 'outputs' to avoid re-running this script phase.\necho \"SUCCESS\" > \"${SCRIPT_OUTPUT_FILE_0}\"\n";
			showEnvVarsInLog = 0;
		};
/* End PBXShellScriptBuildPhase section */

/* Begin PBXSourcesBuildPhase section */
		4390E03D20DD7F6A00F059F9 /* Sources */ = {
			isa = PBXSourcesBuildPhase;
			buildActionMask = 2147483647;
			files = (
				4390E04520DD7F6A00F059F9 /* AppDelegate.swift in Sources */,
				4390E07520DD813600F059F9 /* OBEBvOKEKModel.swift in Sources */,
				4390E07320DD80D600F059F9 /* OBEBvOKEKViewController.swift in Sources */,
			);
			runOnlyForDeploymentPostprocessing = 0;
		};
		4390E05120DD7F6B00F059F9 /* Sources */ = {
			isa = PBXSourcesBuildPhase;
			buildActionMask = 2147483647;
			files = (
				4390E05A20DD7F6B00F059F9 /* OBEB_OKEK__Swift_Tests.swift in Sources */,
			);
			runOnlyForDeploymentPostprocessing = 0;
		};
		4390E05C20DD7F6B00F059F9 /* Sources */ = {
			isa = PBXSourcesBuildPhase;
			buildActionMask = 2147483647;
			files = (
				4390E06520DD7F6B00F059F9 /* OBEB_OKEK__Swift_UITests.swift in Sources */,
			);
			runOnlyForDeploymentPostprocessing = 0;
		};
/* End PBXSourcesBuildPhase section */

/* Begin PBXTargetDependency section */
		4390E05720DD7F6B00F059F9 /* PBXTargetDependency */ = {
			isa = PBXTargetDependency;
			target = 4390E04020DD7F6A00F059F9 /* OBEB-OKEK (Swift) */;
			targetProxy = 4390E05620DD7F6B00F059F9 /* PBXContainerItemProxy */;
		};
		4390E06220DD7F6B00F059F9 /* PBXTargetDependency */ = {
			isa = PBXTargetDependency;
			target = 4390E04020DD7F6A00F059F9 /* OBEB-OKEK (Swift) */;
			targetProxy = 4390E06120DD7F6B00F059F9 /* PBXContainerItemProxy */;
		};
/* End PBXTargetDependency section */

/* Begin PBXVariantGroup section */
		4390E04820DD7F6A00F059F9 /* Main.storyboard */ = {
			isa = PBXVariantGroup;
			children = (
				4390E04920DD7F6A00F059F9 /* Base */,
			);
			name = Main.storyboard;
			sourceTree = "<group>";
		};
		4390E04D20DD7F6A00F059F9 /* LaunchScreen.storyboard */ = {
			isa = PBXVariantGroup;
			children = (
				4390E04E20DD7F6A00F059F9 /* Base */,
			);
			name = LaunchScreen.storyboard;
			sourceTree = "<group>";
		};
/* End PBXVariantGroup section */

/* Begin XCBuildConfiguration section */
		4390E06720DD7F6B00F059F9 /* Debug */ = {
			isa = XCBuildConfiguration;
			buildSettings = {
				ALWAYS_SEARCH_USER_PATHS = NO;
				CLANG_ANALYZER_NONNULL = YES;
				CLANG_ANALYZER_NUMBER_OBJECT_CONVERSION = YES_AGGRESSIVE;
				CLANG_CXX_LANGUAGE_STANDARD = "gnu++14";
				CLANG_CXX_LIBRARY = "libc++";
				CLANG_ENABLE_MODULES = YES;
				CLANG_ENABLE_OBJC_ARC = YES;
				CLANG_ENABLE_OBJC_WEAK = YES;
				CLANG_WARN_BLOCK_CAPTURE_AUTORELEASING = YES;
				CLANG_WARN_BOOL_CONVERSION = YES;
				CLANG_WARN_COMMA = YES;
				CLANG_WARN_CONSTANT_CONVERSION = YES;
				CLANG_WARN_DEPRECATED_OBJC_IMPLEMENTATIONS = YES;
				CLANG_WARN_DIRECT_OBJC_ISA_USAGE = YES_ERROR;
				CLANG_WARN_DOCUMENTATION_COMMENTS = YES;
				CLANG_WARN_EMPTY_BODY = YES;
				CLANG_WARN_ENUM_CONVERSION = YES;
				CLANG_WARN_INFINITE_RECURSION = YES;
				CLANG_WARN_INT_CONVERSION = YES;
				CLANG_WARN_NON_LITERAL_NULL_CONVERSION = YES;
				CLANG_WARN_OBJC_IMPLICIT_RETAIN_SELF = YES;
				CLANG_WARN_OBJC_LITERAL_CONVERSION = YES;
				CLANG_WARN_OBJC_ROOT_CLASS = YES_ERROR;
				CLANG_WARN_RANGE_LOOP_ANALYSIS = YES;
				CLANG_WARN_STRICT_PROTOTYPES = YES;
				CLANG_WARN_SUSPICIOUS_MOVE = YES;
				CLANG_WARN_UNGUARDED_AVAILABILITY = YES_AGGRESSIVE;
				CLANG_WARN_UNREACHABLE_CODE = YES;
				CLANG_WARN__DUPLICATE_METHOD_MATCH = YES;
				CODE_SIGN_IDENTITY = "iPhone Developer";
				COPY_PHASE_STRIP = NO;
				DEBUG_INFORMATION_FORMAT = dwarf;
				ENABLE_STRICT_OBJC_MSGSEND = YES;
				ENABLE_TESTABILITY = YES;
				GCC_C_LANGUAGE_STANDARD = gnu11;
				GCC_DYNAMIC_NO_PIC = NO;
				GCC_NO_COMMON_BLOCKS = YES;
				GCC_OPTIMIZATION_LEVEL = 0;
				GCC_PREPROCESSOR_DEFINITIONS = (
					"DEBUG=1",
					"$(inherited)",
				);
				GCC_WARN_64_TO_32_BIT_CONVERSION = YES;
				GCC_WARN_ABOUT_RETURN_TYPE = YES_ERROR;
				GCC_WARN_UNDECLARED_SELECTOR = YES;
				GCC_WARN_UNINITIALIZED_AUTOS = YES_AGGRESSIVE;
				GCC_WARN_UNUSED_FUNCTION = YES;
				GCC_WARN_UNUSED_VARIABLE = YES;
				IPHONEOS_DEPLOYMENT_TARGET = 11.4;
				MTL_ENABLE_DEBUG_INFO = YES;
				ONLY_ACTIVE_ARCH = YES;
				SDKROOT = iphoneos;
				SWIFT_ACTIVE_COMPILATION_CONDITIONS = DEBUG;
				SWIFT_OPTIMIZATION_LEVEL = "-Onone";
			};
			name = Debug;
		};
		4390E06820DD7F6B00F059F9 /* Release */ = {
			isa = XCBuildConfiguration;
			buildSettings = {
				ALWAYS_SEARCH_USER_PATHS = NO;
				CLANG_ANALYZER_NONNULL = YES;
				CLANG_ANALYZER_NUMBER_OBJECT_CONVERSION = YES_AGGRESSIVE;
				CLANG_CXX_LANGUAGE_STANDARD = "gnu++14";
				CLANG_CXX_LIBRARY = "libc++";
				CLANG_ENABLE_MODULES = YES;
				CLANG_ENABLE_OBJC_ARC = YES;
				CLANG_ENABLE_OBJC_WEAK = YES;
				CLANG_WARN_BLOCK_CAPTURE_AUTORELEASING = YES;
				CLANG_WARN_BOOL_CONVERSION = YES;
				CLANG_WARN_COMMA = YES;
				CLANG_WARN_CONSTANT_CONVERSION = YES;
				CLANG_WARN_DEPRECATED_OBJC_IMPLEMENTATIONS = YES;
				CLANG_WARN_DIRECT_OBJC_ISA_USAGE = YES_ERROR;
				CLANG_WARN_DOCUMENTATION_COMMENTS = YES;
				CLANG_WARN_EMPTY_BODY = YES;
				CLANG_WARN_ENUM_CONVERSION = YES;
				CLANG_WARN_INFINITE_RECURSION = YES;
				CLANG_WARN_INT_CONVERSION = YES;
				CLANG_WARN_NON_LITERAL_NULL_CONVERSION = YES;
				CLANG_WARN_OBJC_IMPLICIT_RETAIN_SELF = YES;
				CLANG_WARN_OBJC_LITERAL_CONVERSION = YES;
				CLANG_WARN_OBJC_ROOT_CLASS = YES_ERROR;
				CLANG_WARN_RANGE_LOOP_ANALYSIS = YES;
				CLANG_WARN_STRICT_PROTOTYPES = YES;
				CLANG_WARN_SUSPICIOUS_MOVE = YES;
				CLANG_WARN_UNGUARDED_AVAILABILITY = YES_AGGRESSIVE;
				CLANG_WARN_UNREACHABLE_CODE = YES;
				CLANG_WARN__DUPLICATE_METHOD_MATCH = YES;
				CODE_SIGN_IDENTITY = "iPhone Developer";
				COPY_PHASE_STRIP = NO;
				DEBUG_INFORMATION_FORMAT = "dwarf-with-dsym";
				ENABLE_NS_ASSERTIONS = NO;
				ENABLE_STRICT_OBJC_MSGSEND = YES;
				GCC_C_LANGUAGE_STANDARD = gnu11;
				GCC_NO_COMMON_BLOCKS = YES;
				GCC_WARN_64_TO_32_BIT_CONVERSION = YES;
				GCC_WARN_ABOUT_RETURN_TYPE = YES_ERROR;
				GCC_WARN_UNDECLARED_SELECTOR = YES;
				GCC_WARN_UNINITIALIZED_AUTOS = YES_AGGRESSIVE;
				GCC_WARN_UNUSED_FUNCTION = YES;
				GCC_WARN_UNUSED_VARIABLE = YES;
				IPHONEOS_DEPLOYMENT_TARGET = 11.4;
				MTL_ENABLE_DEBUG_INFO = NO;
				SDKROOT = iphoneos;
				SWIFT_COMPILATION_MODE = wholemodule;
				SWIFT_OPTIMIZATION_LEVEL = "-O";
				VALIDATE_PRODUCT = YES;
			};
			name = Release;
		};
		4390E06A20DD7F6B00F059F9 /* Debug */ = {
			isa = XCBuildConfiguration;
			baseConfigurationReference = A81144756E5C329523BA8B2C /* Pods-OBEB-OKEK (Swift).debug.xcconfig */;
			buildSettings = {
				ASSETCATALOG_COMPILER_APPICON_NAME = AppIcon;
				CODE_SIGN_STYLE = Automatic;
				DEVELOPMENT_TEAM = 5QBKV6HE8P;
				INFOPLIST_FILE = "OBEB-OKEK (Swift)/Info.plist";
				IPHONEOS_DEPLOYMENT_TARGET = 11.3;
				LD_RUNPATH_SEARCH_PATHS = (
					"$(inherited)",
					"@executable_path/Frameworks",
				);
				PRODUCT_BUNDLE_IDENTIFIER = "com.oguzhanvarsak.OBEB-OKEK--Swift-";
				PRODUCT_NAME = "$(TARGET_NAME)";
				SWIFT_VERSION = 4.0;
				TARGETED_DEVICE_FAMILY = "1,2";
			};
			name = Debug;
		};
		4390E06B20DD7F6B00F059F9 /* Release */ = {
			isa = XCBuildConfiguration;
			baseConfigurationReference = 6425EF057462A3BA8346E35C /* Pods-OBEB-OKEK (Swift).release.xcconfig */;
			buildSettings = {
				ASSETCATALOG_COMPILER_APPICON_NAME = AppIcon;
				CODE_SIGN_STYLE = Automatic;
				DEVELOPMENT_TEAM = 5QBKV6HE8P;
				INFOPLIST_FILE = "OBEB-OKEK (Swift)/Info.plist";
				IPHONEOS_DEPLOYMENT_TARGET = 11.3;
				LD_RUNPATH_SEARCH_PATHS = (
					"$(inherited)",
					"@executable_path/Frameworks",
				);
				PRODUCT_BUNDLE_IDENTIFIER = "com.oguzhanvarsak.OBEB-OKEK--Swift-";
				PRODUCT_NAME = "$(TARGET_NAME)";
				SWIFT_VERSION = 4.0;
				TARGETED_DEVICE_FAMILY = "1,2";
			};
			name = Release;
		};
		4390E06D20DD7F6B00F059F9 /* Debug */ = {
			isa = XCBuildConfiguration;
			baseConfigurationReference = 179CDD378D74FD0B0F5DE5A2 /* Pods-OBEB-OKEK (Swift)Tests.debug.xcconfig */;
			buildSettings = {
				ALWAYS_EMBED_SWIFT_STANDARD_LIBRARIES = YES;
				BUNDLE_LOADER = "$(TEST_HOST)";
				CODE_SIGN_STYLE = Automatic;
				DEVELOPMENT_TEAM = 5QBKV6HE8P;
				INFOPLIST_FILE = "OBEB-OKEK (Swift)Tests/Info.plist";
				LD_RUNPATH_SEARCH_PATHS = (
					"$(inherited)",
					"@executable_path/Frameworks",
					"@loader_path/Frameworks",
				);
				PRODUCT_BUNDLE_IDENTIFIER = "com.oguzhanvarsak.OBEB-OKEK--Swift-Tests";
				PRODUCT_NAME = "$(TARGET_NAME)";
				SWIFT_VERSION = 4.0;
				TARGETED_DEVICE_FAMILY = "1,2";
				TEST_HOST = "$(BUILT_PRODUCTS_DIR)/OBEB-OKEK (Swift).app/OBEB-OKEK (Swift)";
			};
			name = Debug;
		};
		4390E06E20DD7F6B00F059F9 /* Release */ = {
			isa = XCBuildConfiguration;
			baseConfigurationReference = DBC89DF1F7BB8E86BAD05328 /* Pods-OBEB-OKEK (Swift)Tests.release.xcconfig */;
			buildSettings = {
				ALWAYS_EMBED_SWIFT_STANDARD_LIBRARIES = YES;
				BUNDLE_LOADER = "$(TEST_HOST)";
				CODE_SIGN_STYLE = Automatic;
				DEVELOPMENT_TEAM = 5QBKV6HE8P;
				INFOPLIST_FILE = "OBEB-OKEK (Swift)Tests/Info.plist";
				LD_RUNPATH_SEARCH_PATHS = (
					"$(inherited)",
					"@executable_path/Frameworks",
					"@loader_path/Frameworks",
				);
				PRODUCT_BUNDLE_IDENTIFIER = "com.oguzhanvarsak.OBEB-OKEK--Swift-Tests";
				PRODUCT_NAME = "$(TARGET_NAME)";
				SWIFT_VERSION = 4.0;
				TARGETED_DEVICE_FAMILY = "1,2";
				TEST_HOST = "$(BUILT_PRODUCTS_DIR)/OBEB-OKEK (Swift).app/OBEB-OKEK (Swift)";
			};
			name = Release;
		};
		4390E07020DD7F6B00F059F9 /* Debug */ = {
			isa = XCBuildConfiguration;
			baseConfigurationReference = 789D18024090A19DD1A85D07 /* Pods-OBEB-OKEK (Swift)UITests.debug.xcconfig */;
			buildSettings = {
				ALWAYS_EMBED_SWIFT_STANDARD_LIBRARIES = YES;
				CODE_SIGN_STYLE = Automatic;
				DEVELOPMENT_TEAM = 5QBKV6HE8P;
				INFOPLIST_FILE = "OBEB-OKEK (Swift)UITests/Info.plist";
				LD_RUNPATH_SEARCH_PATHS = (
					"$(inherited)",
					"@executable_path/Frameworks",
					"@loader_path/Frameworks",
				);
				PRODUCT_BUNDLE_IDENTIFIER = "com.oguzhanvarsak.OBEB-OKEK--Swift-UITests";
				PRODUCT_NAME = "$(TARGET_NAME)";
				SWIFT_VERSION = 4.0;
				TARGETED_DEVICE_FAMILY = "1,2";
				TEST_TARGET_NAME = "OBEB-OKEK (Swift)";
			};
			name = Debug;
		};
		4390E07120DD7F6B00F059F9 /* Release */ = {
			isa = XCBuildConfiguration;
			baseConfigurationReference = DFE6141A4B9B9F737B435BB5 /* Pods-OBEB-OKEK (Swift)UITests.release.xcconfig */;
			buildSettings = {
				ALWAYS_EMBED_SWIFT_STANDARD_LIBRARIES = YES;
				CODE_SIGN_STYLE = Automatic;
				DEVELOPMENT_TEAM = 5QBKV6HE8P;
				INFOPLIST_FILE = "OBEB-OKEK (Swift)UITests/Info.plist";
				LD_RUNPATH_SEARCH_PATHS = (
					"$(inherited)",
					"@executable_path/Frameworks",
					"@loader_path/Frameworks",
				);
				PRODUCT_BUNDLE_IDENTIFIER = "com.oguzhanvarsak.OBEB-OKEK--Swift-UITests";
				PRODUCT_NAME = "$(TARGET_NAME)";
				SWIFT_VERSION = 4.0;
				TARGETED_DEVICE_FAMILY = "1,2";
				TEST_TARGET_NAME = "OBEB-OKEK (Swift)";
			};
			name = Release;
		};
/* End XCBuildConfiguration section */

/* Begin XCConfigurationList section */
		4390E03C20DD7F6A00F059F9 /* Build configuration list for PBXProject "OBEB-OKEK (Swift)" */ = {
			isa = XCConfigurationList;
			buildConfigurations = (
				4390E06720DD7F6B00F059F9 /* Debug */,
				4390E06820DD7F6B00F059F9 /* Release */,
			);
			defaultConfigurationIsVisible = 0;
			defaultConfigurationName = Release;
		};
		4390E06920DD7F6B00F059F9 /* Build configuration list for PBXNativeTarget "OBEB-OKEK (Swift)" */ = {
			isa = XCConfigurationList;
			buildConfigurations = (
				4390E06A20DD7F6B00F059F9 /* Debug */,
				4390E06B20DD7F6B00F059F9 /* Release */,
			);
			defaultConfigurationIsVisible = 0;
			defaultConfigurationName = Release;
		};
		4390E06C20DD7F6B00F059F9 /* Build configuration list for PBXNativeTarget "OBEB-OKEK (Swift)Tests" */ = {
			isa = XCConfigurationList;
			buildConfigurations = (
				4390E06D20DD7F6B00F059F9 /* Debug */,
				4390E06E20DD7F6B00F059F9 /* Release */,
			);
			defaultConfigurationIsVisible = 0;
			defaultConfigurationName = Release;
		};
		4390E06F20DD7F6B00F059F9 /* Build configuration list for PBXNativeTarget "OBEB-OKEK (Swift)UITests" */ = {
			isa = XCConfigurationList;
			buildConfigurations = (
				4390E07020DD7F6B00F059F9 /* Debug */,
				4390E07120DD7F6B00F059F9 /* Release */,
			);
			defaultConfigurationIsVisible = 0;
			defaultConfigurationName = Release;
		};
/* End XCConfigurationList section */
	};
	rootObject = 4390E03920DD7F6A00F059F9 /* Project object */;
}
